
Microsoft Visual Studio Solution File, Format Version 12.00
# Visual Studio 15
Project("{FAE04EC0-301F-11D3-BF4B-00C04F79EFBC}") = "Modulo2_Lista1", "Modulo2_Lista1\Modulo2_Lista1.csproj", "{EDDD0692-DCB5-4718-8F24-E439D9EF9DB3}"
EndProject
Global
	GlobalSection(SolutionConfigurationPlatforms) = preSolution
		Debug|Any CPU = Debug|Any CPU
		Release|Any CPU = Release|Any CPU
	EndGlobalSection
	GlobalSection(ProjectConfigurationPlatforms) = postSolution
		{EDDD0692-DCB5-4718-8F24-E439D9EF9DB3}.Debug|Any CPU.ActiveCfg = Debug|Any CPU
		{EDDD0692-DCB5-4718-8F24-E439D9EF9DB3}.Debug|Any CPU.Build.0 = Debug|Any CPU
		{EDDD0692-DCB5-4718-8F24-E439D9EF9DB3}.Release|Any CPU.ActiveCfg = Release|Any CPU
		{EDDD0692-DCB5-4718-8F24-E439D9EF9DB3}.Release|Any CPU.Build.0 = Release|Any CPU
	EndGlobalSection
EndGlobal
